
Microsoft Visual Studio Solution File, Format Version 12.00
# Visual Studio 14
VisualStudioVersion = 14.0.25123.0
MinimumVisualStudioVersion = 10.0.40219.1
Project("{FAE04EC0-301F-11D3-BF4B-00C04F79EFBC}") = "DevSpeedEnabler", "DevSpeedEnabler.csproj", "{AB5EEE7D-46FC-417D-9371-B81B4597D4E8}"
EndProject
Project("{2150E333-8FDC-42A3-9474-1A3956D46DE8}") = "Solution Items", "Solution Items", "{FF19345B-9CF7-4C8A-81A5-F360633FF997}"
EndProject
Global
	GlobalSection(SolutionConfigurationPlatforms) = preSolution
		Debug|Any CPU = Debug|Any CPU
		Release|Any CPU = Release|Any CPU
	EndGlobalSection
	GlobalSection(ProjectConfigurationPlatforms) = postSolution
		{AB5EEE7D-46FC-417D-9371-B81B4597D4E8}.Debug|Any CPU.ActiveCfg = Debug|Any CPU
		{AB5EEE7D-46FC-417D-9371-B81B4597D4E8}.Debug|Any CPU.Build.0 = Debug|Any CPU
		{AB5EEE7D-46FC-417D-9371-B81B4597D4E8}.Release|Any CPU.ActiveCfg = Release|Any CPU
		{AB5EEE7D-46FC-417D-9371-B81B4597D4E8}.Release|Any CPU.Build.0 = Release|Any CPU
	EndGlobalSection
	GlobalSection(SolutionProperties) = preSolution
		HideSolutionNode = FALSE
	EndGlobalSection
EndGlobal
